
Microsoft Visual Studio Solution File, Format Version 12.00
# Visual Studio 16
Project("{8BC9CEB8-8B4A-11D0-8D11-00A0C91BC942}") = "Editor", "Editor\Editor.vcxproj", "{8C1A20B0-78BC-4A86-6177-5EDA4DB8D1D6}"
EndProject
Project("{8BC9CEB8-8B4A-11D0-8D11-00A0C91BC942}") = "GLFW", "Nyx\vendor\GLFW\GLFW.vcxproj", "{154B857C-0182-860D-AA6E-6C109684020F}"
EndProject
Project("{8BC9CEB8-8B4A-11D0-8D11-00A0C91BC942}") = "Glad", "Nyx\vendor\glad\Glad.vcxproj", "{BDD6857C-A90D-870D-52FA-6C103E10030F}"
EndProject
Project("{8BC9CEB8-8B4A-11D0-8D11-00A0C91BC942}") = "ImGui", "Nyx\vendor\imgui\ImGui.vcxproj", "{C0FF640D-2C14-8DBE-F595-301E616989EF}"
EndProject
Project("{8BC9CEB8-8B4A-11D0-8D11-00A0C91BC942}") = "Nyx", "Nyx\Nyx.vcxproj", "{C40E880B-3018-887C-B993-9E7C259C937C}"
EndProject
Project("{8BC9CEB8-8B4A-11D0-8D11-00A0C91BC942}") = "Spirv-Cross", "Nyx\vendor\SPIRV-Cross\Spirv-Cross.vcxproj", "{B029C0D2-1CDF-38C8-A5D3-329F11882FCC}"
EndProject
Project("{8BC9CEB8-8B4A-11D0-8D11-00A0C91BC942}") = "sol2", "Nyx\vendor\sol2\sol2.vcxproj", "{65059E7C-513C-9F0D-FA28-8510E63E1B0F}"
EndProject
Project("{8BC9CEB8-8B4A-11D0-8D11-00A0C91BC942}") = "yaml-cpp", "Nyx\vendor\yaml-cpp\yaml-cpp.vcxproj", "{88F1A057-74BE-FB62-9DD7-E90A890331F1}"
EndProject
Global
	GlobalSection(SolutionConfigurationPlatforms) = preSolution
		Debug|x64 = Debug|x64
		Release|x64 = Release|x64
	EndGlobalSection
	GlobalSection(ProjectConfigurationPlatforms) = postSolution
		{8C1A20B0-78BC-4A86-6177-5EDA4DB8D1D6}.Debug|x64.ActiveCfg = Debug|x64
		{8C1A20B0-78BC-4A86-6177-5EDA4DB8D1D6}.Debug|x64.Build.0 = Debug|x64
		{8C1A20B0-78BC-4A86-6177-5EDA4DB8D1D6}.Release|x64.ActiveCfg = Release|x64
		{8C1A20B0-78BC-4A86-6177-5EDA4DB8D1D6}.Release|x64.Build.0 = Release|x64
		{154B857C-0182-860D-AA6E-6C109684020F}.Debug|x64.ActiveCfg = Debug|x64
		{154B857C-0182-860D-AA6E-6C109684020F}.Debug|x64.Build.0 = Debug|x64
		{154B857C-0182-860D-AA6E-6C109684020F}.Release|x64.ActiveCfg = Release|x64
		{154B857C-0182-860D-AA6E-6C109684020F}.Release|x64.Build.0 = Release|x64
		{BDD6857C-A90D-870D-52FA-6C103E10030F}.Debug|x64.ActiveCfg = Debug|x64
		{BDD6857C-A90D-870D-52FA-6C103E10030F}.Debug|x64.Build.0 = Debug|x64
		{BDD6857C-A90D-870D-52FA-6C103E10030F}.Release|x64.ActiveCfg = Release|x64
		{BDD6857C-A90D-870D-52FA-6C103E10030F}.Release|x64.Build.0 = Release|x64
		{C0FF640D-2C14-8DBE-F595-301E616989EF}.Debug|x64.ActiveCfg = Debug|x64
		{C0FF640D-2C14-8DBE-F595-301E616989EF}.Debug|x64.Build.0 = Debug|x64
		{C0FF640D-2C14-8DBE-F595-301E616989EF}.Release|x64.ActiveCfg = Release|x64
		{C0FF640D-2C14-8DBE-F595-301E616989EF}.Release|x64.Build.0 = Release|x64
		{C40E880B-3018-887C-B993-9E7C259C937C}.Debug|x64.ActiveCfg = Debug|x64
		{C40E880B-3018-887C-B993-9E7C259C937C}.Debug|x64.Build.0 = Debug|x64
		{C40E880B-3018-887C-B993-9E7C259C937C}.Release|x64.ActiveCfg = Release|x64
		{C40E880B-3018-887C-B993-9E7C259C937C}.Release|x64.Build.0 = Release|x64
		{B029C0D2-1CDF-38C8-A5D3-329F11882FCC}.Debug|x64.ActiveCfg = Debug|x64
		{B029C0D2-1CDF-38C8-A5D3-329F11882FCC}.Debug|x64.Build.0 = Debug|x64
		{B029C0D2-1CDF-38C8-A5D3-329F11882FCC}.Release|x64.ActiveCfg = Release|x64
		{B029C0D2-1CDF-38C8-A5D3-329F11882FCC}.Release|x64.Build.0 = Release|x64
		{65059E7C-513C-9F0D-FA28-8510E63E1B0F}.Debug|x64.ActiveCfg = Debug|x64
		{65059E7C-513C-9F0D-FA28-8510E63E1B0F}.Debug|x64.Build.0 = Debug|x64
		{65059E7C-513C-9F0D-FA28-8510E63E1B0F}.Release|x64.ActiveCfg = Release|x64
		{65059E7C-513C-9F0D-FA28-8510E63E1B0F}.Release|x64.Build.0 = Release|x64
		{88F1A057-74BE-FB62-9DD7-E90A890331F1}.Debug|x64.ActiveCfg = Debug|x64
		{88F1A057-74BE-FB62-9DD7-E90A890331F1}.Debug|x64.Build.0 = Debug|x64
		{88F1A057-74BE-FB62-9DD7-E90A890331F1}.Release|x64.ActiveCfg = Release|x64
		{88F1A057-74BE-FB62-9DD7-E90A890331F1}.Release|x64.Build.0 = Release|x64
	EndGlobalSection
	GlobalSection(SolutionProperties) = preSolution
		HideSolutionNode = FALSE
	EndGlobalSection
EndGlobal
