<?xml version="1.0" encoding="utf-8"?>
<Project ToolsVersion="4.0" xmlns="http://schemas.microsoft.com/developer/msbuild/2003">
  <ItemGroup>
    <Filter Include="Nyx">
      <UniqueIdentifier>{C40E880B-3018-887C-B993-9E7C259C937C}</UniqueIdentifier>
    </Filter>
    <Filter Include="Nyx\Events">
      <UniqueIdentifier>{28F6080A-14AE-4A57-7DB5-23B3698CE547}</UniqueIdentifier>
    </Filter>
    <Filter Include="Nyx\Graphics">
      <UniqueIdentifier>{84B3824B-7016-12F0-199C-4AA605DEDD72}</UniqueIdentifier>
    </Filter>
    <Filter Include="Nyx\Graphics\ImGUI">
      <UniqueIdentifier>{6EB78C81-5A9B-4DD7-C3FB-472AAFFE3759}</UniqueIdentifier>
    </Filter>
    <Filter Include="Nyx\Graphics\Layers">
      <UniqueIdentifier>{C3AD65B9-2F0F-43C7-B87C-897924DD7986}</UniqueIdentifier>
    </Filter>
    <Filter Include="Nyx\Input">
      <UniqueIdentifier>{C3C17AA3-2F2C-2F1A-786A-E0BFE4130D6F}</UniqueIdentifier>
    </Filter>
  </ItemGroup>
  <ItemGroup>
    <ClInclude Include="src\NXpch.h" />
    <ClInclude Include="src\Nyx.h" />
    <ClInclude Include="src\Nyx\Application.h">
      <Filter>Nyx</Filter>
    </ClInclude>
    <ClInclude Include="src\Nyx\Common.h">
      <Filter>Nyx</Filter>
    </ClInclude>
    <ClInclude Include="src\Nyx\Events\AppEvent.h">
      <Filter>Nyx\Events</Filter>
    </ClInclude>
    <ClInclude Include="src\Nyx\Events\Event.h">
      <Filter>Nyx\Events</Filter>
    </ClInclude>
    <ClInclude Include="src\Nyx\Events\KeyEvent.h">
      <Filter>Nyx\Events</Filter>
    </ClInclude>
    <ClInclude Include="src\Nyx\Events\MouseEvent.h">
      <Filter>Nyx\Events</Filter>
    </ClInclude>
    <ClInclude Include="src\Nyx\GLError.h">
      <Filter>Nyx</Filter>
    </ClInclude>
    <ClInclude Include="src\Nyx\Graphics\ImGUI\ImGUILayer.h">
      <Filter>Nyx\Graphics\ImGUI</Filter>
    </ClInclude>
    <ClInclude Include="src\Nyx\Graphics\Layers\Layer.h">
      <Filter>Nyx\Graphics\Layers</Filter>
    </ClInclude>
    <ClInclude Include="src\Nyx\Graphics\Layers\LayerStack.h">
      <Filter>Nyx\Graphics\Layers</Filter>
    </ClInclude>
    <ClInclude Include="src\Nyx\Graphics\Window.h">
      <Filter>Nyx\Graphics</Filter>
    </ClInclude>
    <ClInclude Include="src\Nyx\Input\Input.h">
      <Filter>Nyx\Input</Filter>
    </ClInclude>
    <ClInclude Include="src\Nyx\Input\KeyCodes.h">
      <Filter>Nyx\Input</Filter>
    </ClInclude>
    <ClInclude Include="src\Nyx\Log.h">
      <Filter>Nyx</Filter>
    </ClInclude>
  </ItemGroup>
  <ItemGroup>
    <ClCompile Include="src\NXpch.cpp" />
    <ClCompile Include="src\Nyx\Application.cpp">
      <Filter>Nyx</Filter>
    </ClCompile>
    <ClCompile Include="src\Nyx\Graphics\ImGUI\ImGUIBuild.cpp">
      <Filter>Nyx\Graphics\ImGUI</Filter>
    </ClCompile>
    <ClCompile Include="src\Nyx\Graphics\ImGUI\ImGUILayer.cpp">
      <Filter>Nyx\Graphics\ImGUI</Filter>
    </ClCompile>
    <ClCompile Include="src\Nyx\Graphics\Layers\Layer.cpp">
      <Filter>Nyx\Graphics\Layers</Filter>
    </ClCompile>
    <ClCompile Include="src\Nyx\Graphics\Layers\LayerStack.cpp">
      <Filter>Nyx\Graphics\Layers</Filter>
    </ClCompile>
    <ClCompile Include="src\Nyx\Graphics\Window.cpp">
      <Filter>Nyx\Graphics</Filter>
    </ClCompile>
    <ClCompile Include="src\Nyx\Input\Input.cpp">
      <Filter>Nyx\Input</Filter>
    </ClCompile>
    <ClCompile Include="src\Nyx\Log.cpp">
      <Filter>Nyx</Filter>
    </ClCompile>
  </ItemGroup>
</Project>