<?xml version="1.0" encoding="utf-8"?>
<Project ToolsVersion="4.0" xmlns="http://schemas.microsoft.com/developer/msbuild/2003">
  <ItemGroup>
    <Filter Include="src">
      <UniqueIdentifier>{2DAB880B-99B4-887C-2230-9F7C8E38947C}</UniqueIdentifier>
    </Filter>
    <Filter Include="src\Nyx">
      <UniqueIdentifier>{5B9B2FA9-C77A-AE44-D092-391B3CF114A6}</UniqueIdentifier>
    </Filter>
    <Filter Include="src\Nyx\Asset">
      <UniqueIdentifier>{2A28A7E2-96E8-2219-5F23-6C96CBA267F5}</UniqueIdentifier>
    </Filter>
    <Filter Include="src\Nyx\Core">
      <UniqueIdentifier>{9310E725-7F73-76CA-28F9-AE80143B424D}</UniqueIdentifier>
    </Filter>
    <Filter Include="src\Nyx\Events">
      <UniqueIdentifier>{DF920F41-CB60-0347-B4F4-736DA061DFAB}</UniqueIdentifier>
    </Filter>
    <Filter Include="src\Nyx\Utilities">
      <UniqueIdentifier>{86EDF5C8-F203-F45E-3B7B-7F80A7D0C4E6}</UniqueIdentifier>
    </Filter>
    <Filter Include="src\Nyx\graphics">
      <UniqueIdentifier>{1BF6DDE6-07EF-FC38-3021-E2BD1C79DC44}</UniqueIdentifier>
    </Filter>
    <Filter Include="src\Nyx\graphics\API">
      <UniqueIdentifier>{8470EC72-70FF-753C-191E-8A37058C86E2}</UniqueIdentifier>
    </Filter>
    <Filter Include="src\Nyx\graphics\Debug">
      <UniqueIdentifier>{D1E80CE0-BDE2-3532-A64F-CC4292E89B9E}</UniqueIdentifier>
    </Filter>
    <Filter Include="src\Nyx\graphics\ImGUI">
      <UniqueIdentifier>{454F6BE0-3149-9432-1AB6-2A43064FFA9E}</UniqueIdentifier>
    </Filter>
    <Filter Include="src\Nyx\input">
      <UniqueIdentifier>{BA3378E5-26F4-F31B-EF2E-3D995BAE38F8}</UniqueIdentifier>
    </Filter>
    <Filter Include="src\Nyx\math">
      <UniqueIdentifier>{34DDFD25-2040-8DCA-C9C5-C580B507594D}</UniqueIdentifier>
    </Filter>
    <Filter Include="src\Nyx\scene">
      <UniqueIdentifier>{D8F026E6-44B1-A21C-0DEC-EB99796BE7F8}</UniqueIdentifier>
    </Filter>
    <Filter Include="vendor">
      <UniqueIdentifier>{B3738122-9F15-ACF8-88D0-BF4C74113349}</UniqueIdentifier>
    </Filter>
    <Filter Include="vendor\stbimage">
      <UniqueIdentifier>{EE3E4868-5ACA-B52C-63DB-3821CFE5112D}</UniqueIdentifier>
    </Filter>
  </ItemGroup>
  <ItemGroup>
    <ClInclude Include="src\NXpch.h">
      <Filter>src</Filter>
    </ClInclude>
    <ClInclude Include="src\Nyx.h">
      <Filter>src</Filter>
    </ClInclude>
    <ClInclude Include="src\Nyx\Asset\Asset.h">
      <Filter>src\Nyx\Asset</Filter>
    </ClInclude>
    <ClInclude Include="src\Nyx\Asset\AssetManager.h">
      <Filter>src\Nyx\Asset</Filter>
    </ClInclude>
    <ClInclude Include="src\Nyx\Asset\UUID.h">
      <Filter>src\Nyx\Asset</Filter>
    </ClInclude>
    <ClInclude Include="src\Nyx\Core\Application.h">
      <Filter>src\Nyx\Core</Filter>
    </ClInclude>
    <ClInclude Include="src\Nyx\Core\Core.h">
      <Filter>src\Nyx\Core</Filter>
    </ClInclude>
    <ClInclude Include="src\Nyx\Core\Layer.h">
      <Filter>src\Nyx\Core</Filter>
    </ClInclude>
    <ClInclude Include="src\Nyx\Core\LayerStack.h">
      <Filter>src\Nyx\Core</Filter>
    </ClInclude>
    <ClInclude Include="src\Nyx\Core\Log.h">
      <Filter>src\Nyx\Core</Filter>
    </ClInclude>
    <ClInclude Include="src\Nyx\Events\AppEvent.h">
      <Filter>src\Nyx\Events</Filter>
    </ClInclude>
    <ClInclude Include="src\Nyx\Events\Event.h">
      <Filter>src\Nyx\Events</Filter>
    </ClInclude>
    <ClInclude Include="src\Nyx\Events\KeyEvent.h">
      <Filter>src\Nyx\Events</Filter>
    </ClInclude>
    <ClInclude Include="src\Nyx\Events\MouseEvent.h">
      <Filter>src\Nyx\Events</Filter>
    </ClInclude>
    <ClInclude Include="src\Nyx\Utilities\GLError.h">
      <Filter>src\Nyx\Utilities</Filter>
    </ClInclude>
    <ClInclude Include="src\Nyx\Utilities\Utilities.h">
      <Filter>src\Nyx\Utilities</Filter>
    </ClInclude>
    <ClInclude Include="src\Nyx\graphics\API\BufferLayout.h">
      <Filter>src\Nyx\graphics\API</Filter>
    </ClInclude>
    <ClInclude Include="src\Nyx\graphics\API\FrameBuffer.h">
      <Filter>src\Nyx\graphics\API</Filter>
    </ClInclude>
    <ClInclude Include="src\Nyx\graphics\API\IndexBuffer.h">
      <Filter>src\Nyx\graphics\API</Filter>
    </ClInclude>
    <ClInclude Include="src\Nyx\graphics\API\Texture.h">
      <Filter>src\Nyx\graphics\API</Filter>
    </ClInclude>
    <ClInclude Include="src\Nyx\graphics\API\TextureCube.h">
      <Filter>src\Nyx\graphics\API</Filter>
    </ClInclude>
    <ClInclude Include="src\Nyx\graphics\API\VertexArray.h">
      <Filter>src\Nyx\graphics\API</Filter>
    </ClInclude>
    <ClInclude Include="src\Nyx\graphics\API\VertexBuffer.h">
      <Filter>src\Nyx\graphics\API</Filter>
    </ClInclude>
    <ClInclude Include="src\Nyx\graphics\Camera.h">
      <Filter>src\Nyx\graphics</Filter>
    </ClInclude>
    <ClInclude Include="src\Nyx\graphics\Debug\DebugRenderer.h">
      <Filter>src\Nyx\graphics\Debug</Filter>
    </ClInclude>
    <ClInclude Include="src\Nyx\graphics\GraphicsContext.h">
      <Filter>src\Nyx\graphics</Filter>
    </ClInclude>
    <ClInclude Include="src\Nyx\graphics\ImGUI\ImGUILayer.h">
      <Filter>src\Nyx\graphics\ImGUI</Filter>
    </ClInclude>
    <ClInclude Include="src\Nyx\graphics\LightEnvironment.h">
      <Filter>src\Nyx\graphics</Filter>
    </ClInclude>
    <ClInclude Include="src\Nyx\graphics\Material.h">
      <Filter>src\Nyx\graphics</Filter>
    </ClInclude>
    <ClInclude Include="src\Nyx\graphics\Mesh.h">
      <Filter>src\Nyx\graphics</Filter>
    </ClInclude>
    <ClInclude Include="src\Nyx\graphics\Renderer.h">
      <Filter>src\Nyx\graphics</Filter>
    </ClInclude>
    <ClInclude Include="src\Nyx\graphics\SceneRenderer.h">
      <Filter>src\Nyx\graphics</Filter>
    </ClInclude>
    <ClInclude Include="src\Nyx\graphics\Shader.h">
      <Filter>src\Nyx\graphics</Filter>
    </ClInclude>
    <ClInclude Include="src\Nyx\graphics\Window.h">
      <Filter>src\Nyx\graphics</Filter>
    </ClInclude>
    <ClInclude Include="src\Nyx\input\Input.h">
      <Filter>src\Nyx\input</Filter>
    </ClInclude>
    <ClInclude Include="src\Nyx\input\KeyCodes.h">
      <Filter>src\Nyx\input</Filter>
    </ClInclude>
    <ClInclude Include="src\Nyx\math\AABB.h">
      <Filter>src\Nyx\math</Filter>
    </ClInclude>
    <ClInclude Include="src\Nyx\math\Math.h">
      <Filter>src\Nyx\math</Filter>
    </ClInclude>
    <ClInclude Include="src\Nyx\math\Ray.h">
      <Filter>src\Nyx\math</Filter>
    </ClInclude>
    <ClInclude Include="src\Nyx\math\Triangle.h">
      <Filter>src\Nyx\math</Filter>
    </ClInclude>
    <ClInclude Include="src\Nyx\scene\Components.h">
      <Filter>src\Nyx\scene</Filter>
    </ClInclude>
    <ClInclude Include="src\Nyx\scene\Scene.h">
      <Filter>src\Nyx\scene</Filter>
    </ClInclude>
    <ClInclude Include="src\Nyx\scene\SceneObject.h">
      <Filter>src\Nyx\scene</Filter>
    </ClInclude>
    <ClInclude Include="src\Nyx\scene\SceneSerializer.h">
      <Filter>src\Nyx\scene</Filter>
    </ClInclude>
    <ClInclude Include="vendor\stbimage\stb_image.h">
      <Filter>vendor\stbimage</Filter>
    </ClInclude>
  </ItemGroup>
  <ItemGroup>
    <ClCompile Include="src\NXpch.cpp">
      <Filter>src</Filter>
    </ClCompile>
    <ClCompile Include="src\Nyx\Asset\Asset.cpp">
      <Filter>src\Nyx\Asset</Filter>
    </ClCompile>
    <ClCompile Include="src\Nyx\Asset\UUID.cpp">
      <Filter>src\Nyx\Asset</Filter>
    </ClCompile>
    <ClCompile Include="src\Nyx\Core\Application.cpp">
      <Filter>src\Nyx\Core</Filter>
    </ClCompile>
    <ClCompile Include="src\Nyx\Core\Layer.cpp">
      <Filter>src\Nyx\Core</Filter>
    </ClCompile>
    <ClCompile Include="src\Nyx\Core\LayerStack.cpp">
      <Filter>src\Nyx\Core</Filter>
    </ClCompile>
    <ClCompile Include="src\Nyx\Core\Log.cpp">
      <Filter>src\Nyx\Core</Filter>
    </ClCompile>
    <ClCompile Include="src\Nyx\Utilities\Utilities.cpp">
      <Filter>src\Nyx\Utilities</Filter>
    </ClCompile>
    <ClCompile Include="src\Nyx\graphics\API\BufferLayout.cpp">
      <Filter>src\Nyx\graphics\API</Filter>
    </ClCompile>
    <ClCompile Include="src\Nyx\graphics\API\FrameBuffer.cpp">
      <Filter>src\Nyx\graphics\API</Filter>
    </ClCompile>
    <ClCompile Include="src\Nyx\graphics\API\IndexBuffer.cpp">
      <Filter>src\Nyx\graphics\API</Filter>
    </ClCompile>
    <ClCompile Include="src\Nyx\graphics\API\Texture.cpp">
      <Filter>src\Nyx\graphics\API</Filter>
    </ClCompile>
    <ClCompile Include="src\Nyx\graphics\API\TextureCube.cpp">
      <Filter>src\Nyx\graphics\API</Filter>
    </ClCompile>
    <ClCompile Include="src\Nyx\graphics\API\VertexArray.cpp">
      <Filter>src\Nyx\graphics\API</Filter>
    </ClCompile>
    <ClCompile Include="src\Nyx\graphics\API\VertexBuffer.cpp">
      <Filter>src\Nyx\graphics\API</Filter>
    </ClCompile>
    <ClCompile Include="src\Nyx\graphics\Camera.cpp">
      <Filter>src\Nyx\graphics</Filter>
    </ClCompile>
    <ClCompile Include="src\Nyx\graphics\Debug\DebugRenderer.cpp">
      <Filter>src\Nyx\graphics\Debug</Filter>
    </ClCompile>
    <ClCompile Include="src\Nyx\graphics\GraphicsContext.cpp">
      <Filter>src\Nyx\graphics</Filter>
    </ClCompile>
    <ClCompile Include="src\Nyx\graphics\ImGUI\ImGUIBuild.cpp">
      <Filter>src\Nyx\graphics\ImGUI</Filter>
    </ClCompile>
    <ClCompile Include="src\Nyx\graphics\ImGUI\ImGUILayer.cpp">
      <Filter>src\Nyx\graphics\ImGUI</Filter>
    </ClCompile>
    <ClCompile Include="src\Nyx\graphics\Material.cpp">
      <Filter>src\Nyx\graphics</Filter>
    </ClCompile>
    <ClCompile Include="src\Nyx\graphics\Mesh.cpp">
      <Filter>src\Nyx\graphics</Filter>
    </ClCompile>
    <ClCompile Include="src\Nyx\graphics\Renderer.cpp">
      <Filter>src\Nyx\graphics</Filter>
    </ClCompile>
    <ClCompile Include="src\Nyx\graphics\SceneRenderer.cpp">
      <Filter>src\Nyx\graphics</Filter>
    </ClCompile>
    <ClCompile Include="src\Nyx\graphics\Shader.cpp">
      <Filter>src\Nyx\graphics</Filter>
    </ClCompile>
    <ClCompile Include="src\Nyx\graphics\Window.cpp">
      <Filter>src\Nyx\graphics</Filter>
    </ClCompile>
    <ClCompile Include="src\Nyx\input\Input.cpp">
      <Filter>src\Nyx\input</Filter>
    </ClCompile>
    <ClCompile Include="src\Nyx\math\Math.cpp">
      <Filter>src\Nyx\math</Filter>
    </ClCompile>
    <ClCompile Include="src\Nyx\scene\Scene.cpp">
      <Filter>src\Nyx\scene</Filter>
    </ClCompile>
    <ClCompile Include="src\Nyx\scene\SceneObject.cpp">
      <Filter>src\Nyx\scene</Filter>
    </ClCompile>
    <ClCompile Include="src\Nyx\scene\SceneSerializer.cpp">
      <Filter>src\Nyx\scene</Filter>
    </ClCompile>
    <ClCompile Include="vendor\stbimage\stb_image.cpp">
      <Filter>vendor\stbimage</Filter>
    </ClCompile>
  </ItemGroup>
</Project>